
Microsoft Visual Studio Solution File, Format Version 12.00
# Visual Studio Version 17
VisualStudioVersion = 17.2.32526.322
MinimumVisualStudioVersion = 10.0.40219.1
Project("{9A19103F-16F7-4668-BE54-9A1E7A4F7556}") = "8 RawStringLiterals", "RawStringLiterals\8 RawStringLiterals.csproj", "{ABA0C478-E1E8-401F-9B45-480E709253CD}"
EndProject
Project("{9A19103F-16F7-4668-BE54-9A1E7A4F7556}") = "7 RequiredKeyword", "RequiredKeyword\7 RequiredKeyword.csproj", "{92759650-FD83-482F-A388-FFF9E75E1382}"
EndProject
Project("{9A19103F-16F7-4668-BE54-9A1E7A4F7556}") = "1 GenericAttributes", "GenericAttributes\1 GenericAttributes.csproj", "{70825930-B610-44B9-82DA-9F341028FE93}"
EndProject
Project("{9A19103F-16F7-4668-BE54-9A1E7A4F7556}") = "6 ListPatterns", "ListPatterns\6 ListPatterns.csproj", "{DE8A2DDB-170F-44E9-AB13-2DD0D795057F}"
EndProject
Project("{9A19103F-16F7-4668-BE54-9A1E7A4F7556}") = "4 NameOfChanges", "NameOfChanges\4 NameOfChanges.csproj", "{0F3CBFF9-66AD-4019-8806-6AC07E81AE26}"
EndProject
Project("{9A19103F-16F7-4668-BE54-9A1E7A4F7556}") = "5 StringPatterns", "StringPatterns\5 StringPatterns.csproj", "{3EF84227-B030-49D5-9D51-320CAB89C05D}"
EndProject
Project("{9A19103F-16F7-4668-BE54-9A1E7A4F7556}") = "2 GenericMath", "GenericMath\2 GenericMath.csproj", "{2CA63CD9-A3D6-4D03-9AEF-1E077D45F627}"
EndProject
Project("{9A19103F-16F7-4668-BE54-9A1E7A4F7556}") = "3 StructChanges", "StructChanges\3 StructChanges.csproj", "{B01BCBB0-7A49-423B-8C27-66890CCD8CE6}"
EndProject
Global
	GlobalSection(SolutionConfigurationPlatforms) = preSolution
		Debug|Any CPU = Debug|Any CPU
		Release|Any CPU = Release|Any CPU
	EndGlobalSection
	GlobalSection(ProjectConfigurationPlatforms) = postSolution
		{ABA0C478-E1E8-401F-9B45-480E709253CD}.Debug|Any CPU.ActiveCfg = Debug|Any CPU
		{ABA0C478-E1E8-401F-9B45-480E709253CD}.Debug|Any CPU.Build.0 = Debug|Any CPU
		{ABA0C478-E1E8-401F-9B45-480E709253CD}.Release|Any CPU.ActiveCfg = Release|Any CPU
		{ABA0C478-E1E8-401F-9B45-480E709253CD}.Release|Any CPU.Build.0 = Release|Any CPU
		{92759650-FD83-482F-A388-FFF9E75E1382}.Debug|Any CPU.ActiveCfg = Debug|Any CPU
		{92759650-FD83-482F-A388-FFF9E75E1382}.Debug|Any CPU.Build.0 = Debug|Any CPU
		{92759650-FD83-482F-A388-FFF9E75E1382}.Release|Any CPU.ActiveCfg = Release|Any CPU
		{92759650-FD83-482F-A388-FFF9E75E1382}.Release|Any CPU.Build.0 = Release|Any CPU
		{70825930-B610-44B9-82DA-9F341028FE93}.Debug|Any CPU.ActiveCfg = Debug|Any CPU
		{70825930-B610-44B9-82DA-9F341028FE93}.Debug|Any CPU.Build.0 = Debug|Any CPU
		{70825930-B610-44B9-82DA-9F341028FE93}.Release|Any CPU.ActiveCfg = Release|Any CPU
		{70825930-B610-44B9-82DA-9F341028FE93}.Release|Any CPU.Build.0 = Release|Any CPU
		{DE8A2DDB-170F-44E9-AB13-2DD0D795057F}.Debug|Any CPU.ActiveCfg = Debug|Any CPU
		{DE8A2DDB-170F-44E9-AB13-2DD0D795057F}.Debug|Any CPU.Build.0 = Debug|Any CPU
		{DE8A2DDB-170F-44E9-AB13-2DD0D795057F}.Release|Any CPU.ActiveCfg = Release|Any CPU
		{DE8A2DDB-170F-44E9-AB13-2DD0D795057F}.Release|Any CPU.Build.0 = Release|Any CPU
		{0F3CBFF9-66AD-4019-8806-6AC07E81AE26}.Debug|Any CPU.ActiveCfg = Debug|Any CPU
		{0F3CBFF9-66AD-4019-8806-6AC07E81AE26}.Debug|Any CPU.Build.0 = Debug|Any CPU
		{0F3CBFF9-66AD-4019-8806-6AC07E81AE26}.Release|Any CPU.ActiveCfg = Release|Any CPU
		{0F3CBFF9-66AD-4019-8806-6AC07E81AE26}.Release|Any CPU.Build.0 = Release|Any CPU
		{3EF84227-B030-49D5-9D51-320CAB89C05D}.Debug|Any CPU.ActiveCfg = Debug|Any CPU
		{3EF84227-B030-49D5-9D51-320CAB89C05D}.Debug|Any CPU.Build.0 = Debug|Any CPU
		{3EF84227-B030-49D5-9D51-320CAB89C05D}.Release|Any CPU.ActiveCfg = Release|Any CPU
		{3EF84227-B030-49D5-9D51-320CAB89C05D}.Release|Any CPU.Build.0 = Release|Any CPU
		{2CA63CD9-A3D6-4D03-9AEF-1E077D45F627}.Debug|Any CPU.ActiveCfg = Debug|Any CPU
		{2CA63CD9-A3D6-4D03-9AEF-1E077D45F627}.Debug|Any CPU.Build.0 = Debug|Any CPU
		{2CA63CD9-A3D6-4D03-9AEF-1E077D45F627}.Release|Any CPU.ActiveCfg = Release|Any CPU
		{2CA63CD9-A3D6-4D03-9AEF-1E077D45F627}.Release|Any CPU.Build.0 = Release|Any CPU
		{B01BCBB0-7A49-423B-8C27-66890CCD8CE6}.Debug|Any CPU.ActiveCfg = Debug|Any CPU
		{B01BCBB0-7A49-423B-8C27-66890CCD8CE6}.Debug|Any CPU.Build.0 = Debug|Any CPU
		{B01BCBB0-7A49-423B-8C27-66890CCD8CE6}.Release|Any CPU.ActiveCfg = Release|Any CPU
		{B01BCBB0-7A49-423B-8C27-66890CCD8CE6}.Release|Any CPU.Build.0 = Release|Any CPU
	EndGlobalSection
	GlobalSection(SolutionProperties) = preSolution
		HideSolutionNode = FALSE
	EndGlobalSection
	GlobalSection(ExtensibilityGlobals) = postSolution
		SolutionGuid = {065A2408-9DEC-4645-A94B-895E4A354698}
	EndGlobalSection
EndGlobal
