
Microsoft Visual Studio Solution File, Format Version 12.00
# Visual Studio Version 17
VisualStudioVersion = 17.2.32526.322
MinimumVisualStudioVersion = 10.0.40219.1
Project("{9A19103F-16F7-4668-BE54-9A1E7A4F7556}") = "RawStringLiterals", "RawStringLiterals\RawStringLiterals.csproj", "{ABA0C478-E1E8-401F-9B45-480E709253CD}"
EndProject
Project("{FAE04EC0-301F-11D3-BF4B-00C04F79EFBC}") = "RequiredKeyword", "RequiredKeyword\RequiredKeyword.csproj", "{92759650-FD83-482F-A388-FFF9E75E1382}"
EndProject
Project("{FAE04EC0-301F-11D3-BF4B-00C04F79EFBC}") = "GenericAttributes", "GenericAttributes\GenericAttributes.csproj", "{70825930-B610-44B9-82DA-9F341028FE93}"
EndProject
Project("{FAE04EC0-301F-11D3-BF4B-00C04F79EFBC}") = "ListPatterns", "ListPatterns\ListPatterns.csproj", "{DE8A2DDB-170F-44E9-AB13-2DD0D795057F}"
EndProject
Project("{FAE04EC0-301F-11D3-BF4B-00C04F79EFBC}") = "NameOfChanges", "NameOfChanges\NameOfChanges.csproj", "{0F3CBFF9-66AD-4019-8806-6AC07E81AE26}"
EndProject
Project("{FAE04EC0-301F-11D3-BF4B-00C04F79EFBC}") = "StringPatterns", "StringPatterns\StringPatterns.csproj", "{3EF84227-B030-49D5-9D51-320CAB89C05D}"
EndProject
Project("{FAE04EC0-301F-11D3-BF4B-00C04F79EFBC}") = "GenericMath", "GenericMath\GenericMath.csproj", "{2CA63CD9-A3D6-4D03-9AEF-1E077D45F627}"
EndProject
Global
	GlobalSection(SolutionConfigurationPlatforms) = preSolution
		Debug|Any CPU = Debug|Any CPU
		Release|Any CPU = Release|Any CPU
	EndGlobalSection
	GlobalSection(ProjectConfigurationPlatforms) = postSolution
		{ABA0C478-E1E8-401F-9B45-480E709253CD}.Debug|Any CPU.ActiveCfg = Debug|Any CPU
		{ABA0C478-E1E8-401F-9B45-480E709253CD}.Debug|Any CPU.Build.0 = Debug|Any CPU
		{ABA0C478-E1E8-401F-9B45-480E709253CD}.Release|Any CPU.ActiveCfg = Release|Any CPU
		{ABA0C478-E1E8-401F-9B45-480E709253CD}.Release|Any CPU.Build.0 = Release|Any CPU
		{92759650-FD83-482F-A388-FFF9E75E1382}.Debug|Any CPU.ActiveCfg = Debug|Any CPU
		{92759650-FD83-482F-A388-FFF9E75E1382}.Debug|Any CPU.Build.0 = Debug|Any CPU
		{92759650-FD83-482F-A388-FFF9E75E1382}.Release|Any CPU.ActiveCfg = Release|Any CPU
		{92759650-FD83-482F-A388-FFF9E75E1382}.Release|Any CPU.Build.0 = Release|Any CPU
		{70825930-B610-44B9-82DA-9F341028FE93}.Debug|Any CPU.ActiveCfg = Debug|Any CPU
		{70825930-B610-44B9-82DA-9F341028FE93}.Debug|Any CPU.Build.0 = Debug|Any CPU
		{70825930-B610-44B9-82DA-9F341028FE93}.Release|Any CPU.ActiveCfg = Release|Any CPU
		{70825930-B610-44B9-82DA-9F341028FE93}.Release|Any CPU.Build.0 = Release|Any CPU
		{DE8A2DDB-170F-44E9-AB13-2DD0D795057F}.Debug|Any CPU.ActiveCfg = Debug|Any CPU
		{DE8A2DDB-170F-44E9-AB13-2DD0D795057F}.Debug|Any CPU.Build.0 = Debug|Any CPU
		{DE8A2DDB-170F-44E9-AB13-2DD0D795057F}.Release|Any CPU.ActiveCfg = Release|Any CPU
		{DE8A2DDB-170F-44E9-AB13-2DD0D795057F}.Release|Any CPU.Build.0 = Release|Any CPU
		{0F3CBFF9-66AD-4019-8806-6AC07E81AE26}.Debug|Any CPU.ActiveCfg = Debug|Any CPU
		{0F3CBFF9-66AD-4019-8806-6AC07E81AE26}.Debug|Any CPU.Build.0 = Debug|Any CPU
		{0F3CBFF9-66AD-4019-8806-6AC07E81AE26}.Release|Any CPU.ActiveCfg = Release|Any CPU
		{0F3CBFF9-66AD-4019-8806-6AC07E81AE26}.Release|Any CPU.Build.0 = Release|Any CPU
		{3EF84227-B030-49D5-9D51-320CAB89C05D}.Debug|Any CPU.ActiveCfg = Debug|Any CPU
		{3EF84227-B030-49D5-9D51-320CAB89C05D}.Debug|Any CPU.Build.0 = Debug|Any CPU
		{3EF84227-B030-49D5-9D51-320CAB89C05D}.Release|Any CPU.ActiveCfg = Release|Any CPU
		{3EF84227-B030-49D5-9D51-320CAB89C05D}.Release|Any CPU.Build.0 = Release|Any CPU
		{2CA63CD9-A3D6-4D03-9AEF-1E077D45F627}.Debug|Any CPU.ActiveCfg = Debug|Any CPU
		{2CA63CD9-A3D6-4D03-9AEF-1E077D45F627}.Debug|Any CPU.Build.0 = Debug|Any CPU
		{2CA63CD9-A3D6-4D03-9AEF-1E077D45F627}.Release|Any CPU.ActiveCfg = Release|Any CPU
		{2CA63CD9-A3D6-4D03-9AEF-1E077D45F627}.Release|Any CPU.Build.0 = Release|Any CPU
	EndGlobalSection
	GlobalSection(SolutionProperties) = preSolution
		HideSolutionNode = FALSE
	EndGlobalSection
	GlobalSection(ExtensibilityGlobals) = postSolution
		SolutionGuid = {065A2408-9DEC-4645-A94B-895E4A354698}
	EndGlobalSection
EndGlobal
